# THIS IS AN AUTOGENERATED FILE. DO NOT EDIT THIS FILE DIRECTLY.
# yarn lockfile v1


cac@^6.7.1:
  version "6.7.2"
  resolved "https://registry.yarnpkg.com/cac/-/cac-6.7.2.tgz#e7f0d21f4776c46c7d0de7976e56fa5562e17597"
  integrity sha512-w0bH1IF9rEjdi0a6lTtlXYT+vBZEJL9oytaXXRdsD68MH6+SrZGOGsu7s2saHQvYXqwo/wBdkW75tt8wFpj+mw==

esbuild@^0.8.1:
  version "0.8.48"
  resolved "https://registry.yarnpkg.com/esbuild/-/esbuild-0.8.48.tgz#a57e4dde84ec56da1c6ecaefee97e9da6c5b00b5"
  integrity sha512-lrH8lA8wWQ6Lpe1z6C7ZZaFSmRsUlcQAqe16nf7ITySQ7MV4+vI7qAqQlT/u+c3+9AL3VXmT4MXTxV2e63pO4A==
