# THIS IS AN AUTOGENERATED FILE. DO NOT EDIT THIS FILE DIRECTLY.
# yarn lockfile v1


cac@^6.7.1:
  version "6.7.1"
  resolved "https://registry.yarnpkg.com/cac/-/cac-6.7.1.tgz#0609d28a31d887746de4b66a15e3914f106f880c"
  integrity sha512-LfGt47+ugCY65W4yUEyxnZKd/tJSBJD/gUAxQGiQjH7yqdhbaX2XN0Rli4+0W0DJiDONmYeh0TlJxMtXGZspIg==

esbuild@^0.8.1:
  version "0.8.43"
  resolved "https://registry.yarnpkg.com/esbuild/-/esbuild-0.8.43.tgz#19d79f8c6d1cc6dadd50942057a5aff906a1ecf2"
  integrity sha512-ZVE2CpootS4jtnfV0bbtJdgRsHEXcMP0P7ZXGfTmNzzhBr2e5ag7Vp3ry0jmw8zduJz4iHzxg4m5jtPxWERz1w==
